
Microsoft Visual Studio Solution File, Format Version 12.00
# Visual Studio Version 17
VisualStudioVersion = 17.9.34616.47
MinimumVisualStudioVersion = 10.0.40219.1
Project("{FAE04EC0-301F-11D3-BF4B-00C04F79EFBC}") = "CrudOperationsInNetCore", "CrudOperationsInNetCore\CrudOperationsInNetCore.csproj", "{6882EE92-D78A-44BD-B172-2800CDA54F62}"
EndProject
Global
	GlobalSection(SolutionConfigurationPlatforms) = preSolution
		Debug|Any CPU = Debug|Any CPU
		Release|Any CPU = Release|Any CPU
	EndGlobalSection
	GlobalSection(ProjectConfigurationPlatforms) = postSolution
		{6882EE92-D78A-44BD-B172-2800CDA54F62}.Debug|Any CPU.ActiveCfg = Debug|Any CPU
		{6882EE92-D78A-44BD-B172-2800CDA54F62}.Debug|Any CPU.Build.0 = Debug|Any CPU
		{6882EE92-D78A-44BD-B172-2800CDA54F62}.Release|Any CPU.ActiveCfg = Release|Any CPU
		{6882EE92-D78A-44BD-B172-2800CDA54F62}.Release|Any CPU.Build.0 = Release|Any CPU
	EndGlobalSection
	GlobalSection(SolutionProperties) = preSolution
		HideSolutionNode = FALSE
	EndGlobalSection
	GlobalSection(ExtensibilityGlobals) = postSolution
		SolutionGuid = {D162DF49-183A-4F74-B3DA-A55EDC8D4F6D}
	EndGlobalSection
EndGlobal
